{
  "name": "codio-csv-download",
  "version": "1.0.0",
  "lockfileVersion": 2,
  "requires": true,
  "packages": {
    "": {
      "name": "codio-csv-download",
      "version": "1.0.0",
      "license": "MIT",
      "dependencies": {
        "codio-api-js": "^0.5.1",
        "dotenv": "^16.0.0"
      }
    },
    "node_modules/@types/glob": {
      "version": "7.2.0",
      "resolved": "https://registry.npmjs.org/@types/glob/-/glob-7.2.0.tgz",
      "integrity": "sha512-ZUxbzKl0IfJILTS6t7ip5fQQM/J3TJYubDm3nMbgubNNYS62eXeUpoLUC8/7fJNiFYHTrGPQn7hspDUzIHX3UA==",
      "dependencies": {
        "@types/minimatch": "*",
        "@types/node": "*"
      }
    },
    "node_modules/@types/minimatch": {
      "version": "3.0.5",
      "resolved": "https://registry.npmjs.org/@types/minimatch/-/minimatch-3.0.5.tgz",
      "integrity": "sha512-Klz949h02Gz2uZCMGwDUSDS1YBlTdDDgbWHi+81l29tQALUtvz4rAYi5uoVhE5Lagoq6DeqAUlbrHvW/mXDgdQ=="
    },
    "node_modules/@types/node": {
      "version": "17.0.18",
      "resolved": "https://registry.npmjs.org/@types/node/-/node-17.0.18.tgz",
      "integrity": "sha512-eKj4f/BsN/qcculZiRSujogjvp5O/k4lOW5m35NopjZM/QwLOR075a8pJW5hD+Rtdm2DaCVPENS6KtSQnUD6BA=="
    },
    "node_modules/array-differ": {
      "version": "1.0.0",
      "resolved": "https://registry.npmjs.org/array-differ/-/array-differ-1.0.0.tgz",
      "integrity": "sha1-7/UuN1gknTO+QCuLuOVkuytdQDE=",
      "engines": {
        "node": ">=0.10.0"
      }
    },
    "node_modules/array-union": {
      "version": "1.0.2",
      "resolved": "https://registry.npmjs.org/array-union/-/array-union-1.0.2.tgz",
      "integrity": "sha1-mjRBDk9OPaI96jdb5b5w8kd47Dk=",
      "dependencies": {
        "array-uniq": "^1.0.1"
      },
      "engines": {
        "node": ">=0.10.0"
      }
    },
    "node_modules/array-uniq": {
      "version": "1.0.3",
      "resolved": "https://registry.npmjs.org/array-uniq/-/array-uniq-1.0.3.tgz",
      "integrity": "sha1-r2rId6Jcx/dOBYiUdThY39sk/bY=",
      "engines": {
        "node": ">=0.10.0"
      }
    },
    "node_modules/arrify": {
      "version": "1.0.1",
      "resolved": "https://registry.npmjs.org/arrify/-/arrify-1.0.1.tgz",
      "integrity": "sha1-iYUI2iIm84DfkEcoRWhJwVAaSw0=",
      "engines": {
        "node": ">=0.10.0"
      }
    },
    "node_modules/asap": {
      "version": "2.0.6",
      "resolved": "https://registry.npmjs.org/asap/-/asap-2.0.6.tgz",
      "integrity": "sha1-5QNHYR1+aQlDIIu9r+vLwvuGbUY="
    },
    "node_modules/asynckit": {
      "version": "0.4.0",
      "resolved": "https://registry.npmjs.org/asynckit/-/asynckit-0.4.0.tgz",
      "integrity": "sha1-x57Zf380y48robyXkLzDZkdLS3k="
    },
    "node_modules/balanced-match": {
      "version": "1.0.2",
      "resolved": "https://registry.npmjs.org/balanced-match/-/balanced-match-1.0.2.tgz",
      "integrity": "sha512-3oSeUO0TMV67hN1AmbXsK4yaqU7tjiHlbxRDZOpH0KW9+CeX4bRAaX0Anxt0tx2MrpRpWwQaPwIlISEJhYU5Pw=="
    },
    "node_modules/bent": {
      "version": "7.3.12",
      "resolved": "https://registry.npmjs.org/bent/-/bent-7.3.12.tgz",
      "integrity": "sha512-T3yrKnVGB63zRuoco/7Ybl7BwwGZR0lceoVG5XmQyMIH9s19SV5m+a8qam4if0zQuAmOQTyPTPmsQBdAorGK3w==",
      "dependencies": {
        "bytesish": "^0.4.1",
        "caseless": "~0.12.0",
        "is-stream": "^2.0.0"
      }
    },
    "node_modules/brace-expansion": {
      "version": "1.1.11",
      "resolved": "https://registry.npmjs.org/brace-expansion/-/brace-expansion-1.1.11.tgz",
      "integrity": "sha512-iCuPHDFgrHX7H2vEI/5xpz07zSHB00TpugqhmYtVmMO6518mCuRMoOYFldEBl0g187ufozdaHgWKcYFb61qGiA==",
      "dependencies": {
        "balanced-match": "^1.0.0",
        "concat-map": "0.0.1"
      }
    },
    "node_modules/buffer-from": {
      "version": "1.1.2",
      "resolved": "https://registry.npmjs.org/buffer-from/-/buffer-from-1.1.2.tgz",
      "integrity": "sha512-E+XQCRwSbaaiChtv6k6Dwgc+bx+Bs6vuKJHHl5kox/BaKbhiXzqQOwK4cO22yElGp2OCmjwVhT3HmxgyPGnJfQ=="
    },
    "node_modules/bytesish": {
      "version": "0.4.4",
      "resolved": "https://registry.npmjs.org/bytesish/-/bytesish-0.4.4.tgz",
      "integrity": "sha512-i4uu6M4zuMUiyfZN4RU2+i9+peJh//pXhd9x1oSe1LBkZ3LEbCoygu8W0bXTukU1Jme2txKuotpCZRaC3FLxcQ=="
    },
    "node_modules/caseless": {
      "version": "0.12.0",
      "resolved": "https://registry.npmjs.org/caseless/-/caseless-0.12.0.tgz",
      "integrity": "sha1-G2gcIf+EAzyCZUMJBolCDRhxUdw="
    },
    "node_modules/chownr": {
      "version": "2.0.0",
      "resolved": "https://registry.npmjs.org/chownr/-/chownr-2.0.0.tgz",
      "integrity": "sha512-bIomtDF5KGpdogkLd9VspvFzk9KfpyyGlS8YFVZl7TGPBHL5snIOnxeshwVgPteQ9b4Eydl+pVbIyE1DcvCWgQ==",
      "engines": {
        "node": ">=10"
      }
    },
    "node_modules/codio-api-js": {
      "version": "0.5.1",
      "resolved": "https://registry.npmjs.org/codio-api-js/-/codio-api-js-0.5.1.tgz",
      "integrity": "sha512-zN5uQdQv5/OSzvC9Hgw7deepEeaTWXOzU14tIKWfTFJi+FfNp22PDgmAGz9bz8KXZhmUNBK2vpEo/q+gF/P2ig==",
      "dependencies": {
        "bent": "^7.3.12",
        "form-data": "^4.0.0",
        "glob-promise": "^4.1.0",
        "https": "^1.0.0",
        "lodash": "^4.17.21",
        "object-hash": "^2.2.0",
        "querystring": "^0.2.1",
        "recursive-copy": "^2.0.11",
        "simple-zstd": "^1.3.1",
        "tar": "^6.1.0",
        "uuid": "^8.3.2",
        "yaml": "^1.10.2"
      }
    },
    "node_modules/combined-stream": {
      "version": "1.0.8",
      "resolved": "https://registry.npmjs.org/combined-stream/-/combined-stream-1.0.8.tgz",
      "integrity": "sha512-FQN4MRfuJeHf7cBbBMJFXhKSDq+2kAArBlmRBvcvFE5BB1HZKXtSFASDhdlz9zOYwxh8lDdnvmMOe/+5cdoEdg==",
      "dependencies": {
        "delayed-stream": "~1.0.0"
      },
      "engines": {
        "node": ">= 0.8"
      }
    },
    "node_modules/concat-map": {
      "version": "0.0.1",
      "resolved": "https://registry.npmjs.org/concat-map/-/concat-map-0.0.1.tgz",
      "integrity": "sha1-2Klr13/Wjfd5OnMDajug1UBdR3s="
    },
    "node_modules/core-util-is": {
      "version": "1.0.3",
      "resolved": "https://registry.npmjs.org/core-util-is/-/core-util-is-1.0.3.tgz",
      "integrity": "sha512-ZQBvi1DcpJ4GDqanjucZ2Hj3wEO5pZDS89BWbkcrvdxksJorwUDDZamX9ldFkp9aw2lmBDLgkObEA4DWNJ9FYQ=="
    },
    "node_modules/delayed-stream": {
      "version": "1.0.0",
      "resolved": "https://registry.npmjs.org/delayed-stream/-/delayed-stream-1.0.0.tgz",
      "integrity": "sha1-3zrhmayt+31ECqrgsp4icrJOxhk=",
      "engines": {
        "node": ">=0.4.0"
      }
    },
    "node_modules/dotenv": {
      "version": "16.0.0",
      "resolved": "https://registry.npmjs.org/dotenv/-/dotenv-16.0.0.tgz",
      "integrity": "sha512-qD9WU0MPM4SWLPJy/r2Be+2WgQj8plChsyrCNQzW/0WjvcJQiKQJ9mH3ZgB3fxbUUxgc/11ZJ0Fi5KiimWGz2Q==",
      "engines": {
        "node": ">=12"
      }
    },
    "node_modules/duplex-maker": {
      "version": "1.0.0",
      "resolved": "https://registry.npmjs.org/duplex-maker/-/duplex-maker-1.0.0.tgz",
      "integrity": "sha1-FgT4uUPLAGOm0+H+QqplETp52ko="
    },
    "node_modules/duplexify": {
      "version": "3.7.1",
      "resolved": "https://registry.npmjs.org/duplexify/-/duplexify-3.7.1.tgz",
      "integrity": "sha512-07z8uv2wMyS51kKhD1KsdXJg5WQ6t93RneqRxUHnskXVtlYYkLqM0gqStQZ3pj073g687jPCHrqNfCzawLYh5g==",
      "dependencies": {
        "end-of-stream": "^1.0.0",
        "inherits": "^2.0.1",
        "readable-stream": "^2.0.0",
        "stream-shift": "^1.0.0"
      }
    },
    "node_modules/end-of-stream": {
      "version": "1.4.4",
      "resolved": "https://registry.npmjs.org/end-of-stream/-/end-of-stream-1.4.4.tgz",
      "integrity": "sha512-+uw1inIHVPQoaVuHzRyXd21icM+cnt4CzD5rW+NC1wjOUSTOs+Te7FOv7AhN7vS9x/oIyhLP5PR1H+phQAHu5Q==",
      "dependencies": {
        "once": "^1.4.0"
      }
    },
    "node_modules/errno": {
      "version": "0.1.8",
      "resolved": "https://registry.npmjs.org/errno/-/errno-0.1.8.tgz",
      "integrity": "sha512-dJ6oBr5SQ1VSd9qkk7ByRgb/1SH4JZjCHSW/mr63/QcXO9zLVxvJ6Oy13nio03rxpSnVDDjFor75SjVeZWPW/A==",
      "dependencies": {
        "prr": "~1.0.1"
      },
      "bin": {
        "errno": "cli.js"
      }
    },
    "node_modules/form-data": {
      "version": "4.0.0",
      "resolved": "https://registry.npmjs.org/form-data/-/form-data-4.0.0.tgz",
      "integrity": "sha512-ETEklSGi5t0QMZuiXoA/Q6vcnxcLQP5vdugSpuAyi6SVGi2clPPp+xgEhuMaHC+zGgn31Kd235W35f7Hykkaww==",
      "dependencies": {
        "asynckit": "^0.4.0",
        "combined-stream": "^1.0.8",
        "mime-types": "^2.1.12"
      },
      "engines": {
        "node": ">= 6"
      }
    },
    "node_modules/fs-minipass": {
      "version": "2.1.0",
      "resolved": "https://registry.npmjs.org/fs-minipass/-/fs-minipass-2.1.0.tgz",
      "integrity": "sha512-V/JgOLFCS+R6Vcq0slCuaeWEdNC3ouDlJMNIsacH2VtALiu9mV4LPrHc5cDl8k5aw6J8jwgWWpiTo5RYhmIzvg==",
      "dependencies": {
        "minipass": "^3.0.0"
      },
      "engines": {
        "node": ">= 8"
      }
    },
    "node_modules/fs.realpath": {
      "version": "1.0.0",
      "resolved": "https://registry.npmjs.org/fs.realpath/-/fs.realpath-1.0.0.tgz",
      "integrity": "sha1-FQStJSMVjKpA20onh8sBQRmU6k8="
    },
    "node_modules/glob": {
      "version": "7.2.0",
      "resolved": "https://registry.npmjs.org/glob/-/glob-7.2.0.tgz",
      "integrity": "sha512-lmLf6gtyrPq8tTjSmrO94wBeQbFR3HbLHbuyD69wuyQkImp2hWqMGB47OX65FBkPffO641IP9jWa1z4ivqG26Q==",
      "dependencies": {
        "fs.realpath": "^1.0.0",
        "inflight": "^1.0.4",
        "inherits": "2",
        "minimatch": "^3.0.4",
        "once": "^1.3.0",
        "path-is-absolute": "^1.0.0"
      },
      "engines": {
        "node": "*"
      },
      "funding": {
        "url": "https://github.com/sponsors/isaacs"
      }
    },
    "node_modules/glob-promise": {
      "version": "4.2.2",
      "resolved": "https://registry.npmjs.org/glob-promise/-/glob-promise-4.2.2.tgz",
      "integrity": "sha512-xcUzJ8NWN5bktoTIX7eOclO1Npxd/dyVqUJxlLIDasT4C7KZyqlPIwkdJ0Ypiy3p2ZKahTjK4M9uC3sNSfNMzw==",
      "dependencies": {
        "@types/glob": "^7.1.3"
      },
      "engines": {
        "node": ">=12"
      },
      "funding": {
        "type": "individual",
        "url": "https://github.com/sponsors/ahmadnassri"
      },
      "peerDependencies": {
        "glob": "^7.1.6"
      }
    },
    "node_modules/graceful-fs": {
      "version": "4.2.9",
      "resolved": "https://registry.npmjs.org/graceful-fs/-/graceful-fs-4.2.9.tgz",
      "integrity": "sha512-NtNxqUcXgpW2iMrfqSfR73Glt39K+BLwWsPs94yR63v45T0Wbej7eRmL5cWfwEgqXnmjQp3zaJTshdRW/qC2ZQ=="
    },
    "node_modules/https": {
      "version": "1.0.0",
      "resolved": "https://registry.npmjs.org/https/-/https-1.0.0.tgz",
      "integrity": "sha1-PDfHrhqO65ZpBKKtHpdaGUt+06Q="
    },
    "node_modules/inflight": {
      "version": "1.0.6",
      "resolved": "https://registry.npmjs.org/inflight/-/inflight-1.0.6.tgz",
      "integrity": "sha1-Sb1jMdfQLQwJvJEKEHW6gWW1bfk=",
      "dependencies": {
        "once": "^1.3.0",
        "wrappy": "1"
      }
    },
    "node_modules/inherits": {
      "version": "2.0.4",
      "resolved": "https://registry.npmjs.org/inherits/-/inherits-2.0.4.tgz",
      "integrity": "sha512-k/vGaX4/Yla3WzyMCvTQOXYeIHvqOKtnqBduzTHpzpQZzAskKMhZ2K+EnBiSM9zGSoIFeMpXKxa4dYeZIQqewQ=="
    },
    "node_modules/is-stream": {
      "version": "2.0.1",
      "resolved": "https://registry.npmjs.org/is-stream/-/is-stream-2.0.1.tgz",
      "integrity": "sha512-hFoiJiTl63nn+kstHGBtewWSKnQLpyb155KHheA1l39uvtO9nWIop1p3udqPcUd/xbF1VLMO4n7OI6p7RbngDg==",
      "engines": {
        "node": ">=8"
      },
      "funding": {
        "url": "https://github.com/sponsors/sindresorhus"
      }
    },
    "node_modules/is-zst": {
      "version": "1.0.0",
      "resolved": "https://registry.npmjs.org/is-zst/-/is-zst-1.0.0.tgz",
      "integrity": "sha512-ZA5lvshKAl8z30dX7saXLpVhpsq3d2EHK9uf7qtUjnOtdw4XBpAoWb2RvZ5kyoaebdoidnGI0g2hn9Z7ObPbww=="
    },
    "node_modules/isarray": {
      "version": "1.0.0",
      "resolved": "https://registry.npmjs.org/isarray/-/isarray-1.0.0.tgz",
      "integrity": "sha1-u5NdSFgsuhaMBoNJV6VKPgcSTxE="
    },
    "node_modules/junk": {
      "version": "1.0.3",
      "resolved": "https://registry.npmjs.org/junk/-/junk-1.0.3.tgz",
      "integrity": "sha1-h75jSIZJy9ym9Tqzm+yczSNH9ZI=",
      "engines": {
        "node": ">=0.10.0"
      }
    },
    "node_modules/lodash": {
      "version": "4.17.21",
      "resolved": "https://registry.npmjs.org/lodash/-/lodash-4.17.21.tgz",
      "integrity": "sha512-v2kDEe57lecTulaDIuNTPy3Ry4gLGJ6Z1O3vE1krgXZNrsQ+LFTGHVxVjcXPs17LhbZVGedAJv8XZ1tvj5FvSg=="
    },
    "node_modules/maximatch": {
      "version": "0.1.0",
      "resolved": "https://registry.npmjs.org/maximatch/-/maximatch-0.1.0.tgz",
      "integrity": "sha1-hs2NawTJ8wfAWmuUGZBtA2D7E6I=",
      "dependencies": {
        "array-differ": "^1.0.0",
        "array-union": "^1.0.1",
        "arrify": "^1.0.0",
        "minimatch": "^3.0.0"
      },
      "engines": {
        "node": ">=0.10.0"
      }
    },
    "node_modules/mime-db": {
      "version": "1.51.0",
      "resolved": "https://registry.npmjs.org/mime-db/-/mime-db-1.51.0.tgz",
      "integrity": "sha512-5y8A56jg7XVQx2mbv1lu49NR4dokRnhZYTtL+KGfaa27uq4pSTXkwQkFJl4pkRMyNFz/EtYDSkiiEHx3F7UN6g==",
      "engines": {
        "node": ">= 0.6"
      }
    },
    "node_modules/mime-types": {
      "version": "2.1.34",
      "resolved": "https://registry.npmjs.org/mime-types/-/mime-types-2.1.34.tgz",
      "integrity": "sha512-6cP692WwGIs9XXdOO4++N+7qjqv0rqxxVvJ3VHPh/Sc9mVZcQP+ZGhkKiTvWMQRr2tbHkJP/Yn7Y0npb3ZBs4A==",
      "dependencies": {
        "mime-db": "1.51.0"
      },
      "engines": {
        "node": ">= 0.6"
      }
    },
    "node_modules/minimatch": {
      "version": "3.1.2",
      "resolved": "https://registry.npmjs.org/minimatch/-/minimatch-3.1.2.tgz",
      "integrity": "sha512-J7p63hRiAjw1NDEww1W7i37+ByIrOWO5XQQAzZ3VOcL0PNybwpfmV/N05zFAzwQ9USyEcX6t3UO+K5aqBQOIHw==",
      "dependencies": {
        "brace-expansion": "^1.1.7"
      },
      "engines": {
        "node": "*"
      }
    },
    "node_modules/minimist": {
      "version": "1.2.5",
      "resolved": "https://registry.npmjs.org/minimist/-/minimist-1.2.5.tgz",
      "integrity": "sha512-FM9nNUYrRBAELZQT3xeZQ7fmMOBg6nWNmJKTcgsJeaLstP/UODVpGsr5OhXhhXg6f+qtJ8uiZ+PUxkDWcgIXLw=="
    },
    "node_modules/minipass": {
      "version": "3.1.6",
      "resolved": "https://registry.npmjs.org/minipass/-/minipass-3.1.6.tgz",
      "integrity": "sha512-rty5kpw9/z8SX9dmxblFA6edItUmwJgMeYDZRrwlIVN27i8gysGbznJwUggw2V/FVqFSDdWy040ZPS811DYAqQ==",
      "dependencies": {
        "yallist": "^4.0.0"
      },
      "engines": {
        "node": ">=8"
      }
    },
    "node_modules/minizlib": {
      "version": "2.1.2",
      "resolved": "https://registry.npmjs.org/minizlib/-/minizlib-2.1.2.tgz",
      "integrity": "sha512-bAxsR8BVfj60DWXHE3u30oHzfl4G7khkSuPW+qvpd7jFRHm7dLxOjUk1EHACJ/hxLY8phGJ0YhYHZo7jil7Qdg==",
      "dependencies": {
        "minipass": "^3.0.0",
        "yallist": "^4.0.0"
      },
      "engines": {
        "node": ">= 8"
      }
    },
    "node_modules/mkdirp": {
      "version": "0.5.5",
      "resolved": "https://registry.npmjs.org/mkdirp/-/mkdirp-0.5.5.tgz",
      "integrity": "sha512-NKmAlESf6jMGym1++R0Ra7wvhV+wFW63FaSOFPwRahvea0gMUcGUhVeAg/0BC0wiv9ih5NYPB1Wn1UEI1/L+xQ==",
      "dependencies": {
        "minimist": "^1.2.5"
      },
      "bin": {
        "mkdirp": "bin/cmd.js"
      }
    },
    "node_modules/object-hash": {
      "version": "2.2.0",
      "resolved": "https://registry.npmjs.org/object-hash/-/object-hash-2.2.0.tgz",
      "integrity": "sha512-gScRMn0bS5fH+IuwyIFgnh9zBdo4DV+6GhygmWM9HyNJSgS0hScp1f5vjtm7oIIOiT9trXrShAkLFSc2IqKNgw==",
      "engines": {
        "node": ">= 6"
      }
    },
    "node_modules/once": {
      "version": "1.4.0",
      "resolved": "https://registry.npmjs.org/once/-/once-1.4.0.tgz",
      "integrity": "sha1-WDsap3WWHUsROsF9nFC6753Xa9E=",
      "dependencies": {
        "wrappy": "1"
      }
    },
    "node_modules/os-tmpdir": {
      "version": "1.0.2",
      "resolved": "https://registry.npmjs.org/os-tmpdir/-/os-tmpdir-1.0.2.tgz",
      "integrity": "sha1-u+Z0BseaqFxc/sdm/lc0VV36EnQ=",
      "engines": {
        "node": ">=0.10.0"
      }
    },
    "node_modules/path-is-absolute": {
      "version": "1.0.1",
      "resolved": "https://registry.npmjs.org/path-is-absolute/-/path-is-absolute-1.0.1.tgz",
      "integrity": "sha1-F0uSaHNVNP+8es5r9TpanhtcX18=",
      "engines": {
        "node": ">=0.10.0"
      }
    },
    "node_modules/peek-stream": {
      "version": "1.1.3",
      "resolved": "https://registry.npmjs.org/peek-stream/-/peek-stream-1.1.3.tgz",
      "integrity": "sha512-FhJ+YbOSBb9/rIl2ZeE/QHEsWn7PqNYt8ARAY3kIgNGOk13g9FGyIY6JIl/xB/3TFRVoTv5as0l11weORrTekA==",
      "dependencies": {
        "buffer-from": "^1.0.0",
        "duplexify": "^3.5.0",
        "through2": "^2.0.3"
      }
    },
    "node_modules/peek-stream/node_modules/through2": {
      "version": "2.0.5",
      "resolved": "https://registry.npmjs.org/through2/-/through2-2.0.5.tgz",
      "integrity": "sha512-/mrRod8xqpA+IHSLyGCQ2s8SPHiCDEeQJSep1jqLYeEUClOFG2Qsh+4FU6G9VeqpZnGW/Su8LQGc4YKni5rYSQ==",
      "dependencies": {
        "readable-stream": "~2.3.6",
        "xtend": "~4.0.1"
      }
    },
    "node_modules/pify": {
      "version": "2.3.0",
      "resolved": "https://registry.npmjs.org/pify/-/pify-2.3.0.tgz",
      "integrity": "sha1-7RQaasBDqEnqWISY59yosVMw6Qw=",
      "engines": {
        "node": ">=0.10.0"
      }
    },
    "node_modules/process-nextick-args": {
      "version": "2.0.1",
      "resolved": "https://registry.npmjs.org/process-nextick-args/-/process-nextick-args-2.0.1.tgz",
      "integrity": "sha512-3ouUOpQhtgrbOa17J7+uxOTpITYWaGP7/AhoR3+A+/1e9skrzelGi/dXzEYyvbxubEF6Wn2ypscTKiKJFFn1ag=="
    },
    "node_modules/process-streams": {
      "version": "1.0.1",
      "resolved": "https://registry.npmjs.org/process-streams/-/process-streams-1.0.1.tgz",
      "integrity": "sha1-4iwqrb94jvDFdU6l4Ffphch91pE=",
      "dependencies": {
        "duplex-maker": "^1.0.0",
        "quotemeta": "0.0.0",
        "tempfile": "^1.1.0"
      }
    },
    "node_modules/promise": {
      "version": "7.3.1",
      "resolved": "https://registry.npmjs.org/promise/-/promise-7.3.1.tgz",
      "integrity": "sha512-nolQXZ/4L+bP/UGlkfaIujX9BKxGwmQ9OT4mOt5yvy8iK1h3wqTEJCijzGANTCCl9nWjY41juyAn2K3Q1hLLTg==",
      "dependencies": {
        "asap": "~2.0.3"
      }
    },
    "node_modules/prr": {
      "version": "1.0.1",
      "resolved": "https://registry.npmjs.org/prr/-/prr-1.0.1.tgz",
      "integrity": "sha1-0/wRS6BplaRexok/SEzrHXj19HY="
    },
    "node_modules/querystring": {
      "version": "0.2.1",
      "resolved": "https://registry.npmjs.org/querystring/-/querystring-0.2.1.tgz",
      "integrity": "sha512-wkvS7mL/JMugcup3/rMitHmd9ecIGd2lhFhK9N3UUQ450h66d1r3Y9nvXzQAW1Lq+wyx61k/1pfKS5KuKiyEbg==",
      "deprecated": "The querystring API is considered Legacy. new code should use the URLSearchParams API instead.",
      "engines": {
        "node": ">=0.4.x"
      }
    },
    "node_modules/quotemeta": {
      "version": "0.0.0",
      "resolved": "https://registry.npmjs.org/quotemeta/-/quotemeta-0.0.0.tgz",
      "integrity": "sha1-UdOgbuD81uO1AdvSiQQ1Gtelo4w="
    },
    "node_modules/readable-stream": {
      "version": "2.3.7",
      "resolved": "https://registry.npmjs.org/readable-stream/-/readable-stream-2.3.7.tgz",
      "integrity": "sha512-Ebho8K4jIbHAxnuxi7o42OrZgF/ZTNcsZj6nRKyUmkhLFq8CHItp/fy6hQZuZmP/n3yZ9VBUbp4zz/mX8hmYPw==",
      "dependencies": {
        "core-util-is": "~1.0.0",
        "inherits": "~2.0.3",
        "isarray": "~1.0.0",
        "process-nextick-args": "~2.0.0",
        "safe-buffer": "~5.1.1",
        "string_decoder": "~1.1.1",
        "util-deprecate": "~1.0.1"
      }
    },
    "node_modules/recursive-copy": {
      "version": "2.0.14",
      "resolved": "https://registry.npmjs.org/recursive-copy/-/recursive-copy-2.0.14.tgz",
      "integrity": "sha512-K8WNY8f8naTpfbA+RaXmkaQuD1IeW9EgNEfyGxSqqTQukpVtoOKros9jUqbpEsSw59YOmpd8nCBgtqJZy5nvog==",
      "dependencies": {
        "errno": "^0.1.2",
        "graceful-fs": "^4.1.4",
        "junk": "^1.0.1",
        "maximatch": "^0.1.0",
        "mkdirp": "^0.5.1",
        "pify": "^2.3.0",
        "promise": "^7.0.1",
        "rimraf": "^2.7.1",
        "slash": "^1.0.0"
      }
    },
    "node_modules/rimraf": {
      "version": "2.7.1",
      "resolved": "https://registry.npmjs.org/rimraf/-/rimraf-2.7.1.tgz",
      "integrity": "sha512-uWjbaKIK3T1OSVptzX7Nl6PvQ3qAGtKEtVRjRuazjfL3Bx5eI409VZSqgND+4UNnmzLVdPj9FqFJNPqBZFve4w==",
      "dependencies": {
        "glob": "^7.1.3"
      },
      "bin": {
        "rimraf": "bin.js"
      }
    },
    "node_modules/safe-buffer": {
      "version": "5.1.2",
      "resolved": "https://registry.npmjs.org/safe-buffer/-/safe-buffer-5.1.2.tgz",
      "integrity": "sha512-Gd2UZBJDkXlY7GbJxfsE8/nvKkUEU1G38c1siN6QP6a9PT9MmHB8GnpscSmMJSoF8LOIrt8ud/wPtojys4G6+g=="
    },
    "node_modules/simple-zstd": {
      "version": "1.4.0",
      "resolved": "https://registry.npmjs.org/simple-zstd/-/simple-zstd-1.4.0.tgz",
      "integrity": "sha512-9zBNnu7MkwRiZm7voFUX7ehCcLO2d1FmJ2RWEVsN8Exw2tVYK9k/0/8WjPUmSmtoHOyoFTkHHaOLuPSwkgFmrA==",
      "dependencies": {
        "is-zst": "^1.0.0",
        "peek-stream": "^1.1.3",
        "process-streams": "^1.0.1",
        "through2": "^4.0.2"
      }
    },
    "node_modules/slash": {
      "version": "1.0.0",
      "resolved": "https://registry.npmjs.org/slash/-/slash-1.0.0.tgz",
      "integrity": "sha1-xB8vbDn8FtHNF61LXYlhFK5HDVU=",
      "engines": {
        "node": ">=0.10.0"
      }
    },
    "node_modules/stream-shift": {
      "version": "1.0.1",
      "resolved": "https://registry.npmjs.org/stream-shift/-/stream-shift-1.0.1.tgz",
      "integrity": "sha512-AiisoFqQ0vbGcZgQPY1cdP2I76glaVA/RauYR4G4thNFgkTqr90yXTo4LYX60Jl+sIlPNHHdGSwo01AvbKUSVQ=="
    },
    "node_modules/string_decoder": {
      "version": "1.1.1",
      "resolved": "https://registry.npmjs.org/string_decoder/-/string_decoder-1.1.1.tgz",
      "integrity": "sha512-n/ShnvDi6FHbbVfviro+WojiFzv+s8MPMHBczVePfUpDJLwoLT0ht1l4YwBCbi8pJAveEEdnkHyPyTP/mzRfwg==",
      "dependencies": {
        "safe-buffer": "~5.1.0"
      }
    },
    "node_modules/tar": {
      "version": "6.1.11",
      "resolved": "https://registry.npmjs.org/tar/-/tar-6.1.11.tgz",
      "integrity": "sha512-an/KZQzQUkZCkuoAA64hM92X0Urb6VpRhAFllDzz44U2mcD5scmT3zBc4VgVpkugF580+DQn8eAFSyoQt0tznA==",
      "dependencies": {
        "chownr": "^2.0.0",
        "fs-minipass": "^2.0.0",
        "minipass": "^3.0.0",
        "minizlib": "^2.1.1",
        "mkdirp": "^1.0.3",
        "yallist": "^4.0.0"
      },
      "engines": {
        "node": ">= 10"
      }
    },
    "node_modules/tar/node_modules/mkdirp": {
      "version": "1.0.4",
      "resolved": "https://registry.npmjs.org/mkdirp/-/mkdirp-1.0.4.tgz",
      "integrity": "sha512-vVqVZQyf3WLx2Shd0qJ9xuvqgAyKPLAiqITEtqW0oIUjzo3PePDd6fW9iFz30ef7Ysp/oiWqbhszeGWW2T6Gzw==",
      "bin": {
        "mkdirp": "bin/cmd.js"
      },
      "engines": {
        "node": ">=10"
      }
    },
    "node_modules/tempfile": {
      "version": "1.1.1",
      "resolved": "https://registry.npmjs.org/tempfile/-/tempfile-1.1.1.tgz",
      "integrity": "sha1-W8xOrsxKsscH2LwR2ZzMmiyyh/I=",
      "dependencies": {
        "os-tmpdir": "^1.0.0",
        "uuid": "^2.0.1"
      },
      "engines": {
        "node": ">=0.10.0"
      }
    },
    "node_modules/tempfile/node_modules/uuid": {
      "version": "2.0.3",
      "resolved": "https://registry.npmjs.org/uuid/-/uuid-2.0.3.tgz",
      "integrity": "sha1-Z+LoY3lyFVMN/zGOW/nc6/1Hsho=",
      "deprecated": "Please upgrade  to version 7 or higher.  Older versions may use Math.random() in certain circumstances, which is known to be problematic.  See https://v8.dev/blog/math-random for details."
    },
    "node_modules/through2": {
      "version": "4.0.2",
      "resolved": "https://registry.npmjs.org/through2/-/through2-4.0.2.tgz",
      "integrity": "sha512-iOqSav00cVxEEICeD7TjLB1sueEL+81Wpzp2bY17uZjZN0pWZPuo4suZ/61VujxmqSGFfgOcNuTZ85QJwNZQpw==",
      "dependencies": {
        "readable-stream": "3"
      }
    },
    "node_modules/through2/node_modules/readable-stream": {
      "version": "3.6.0",
      "resolved": "https://registry.npmjs.org/readable-stream/-/readable-stream-3.6.0.tgz",
      "integrity": "sha512-BViHy7LKeTz4oNnkcLJ+lVSL6vpiFeX6/d3oSH8zCW7UxP2onchk+vTGB143xuFjHS3deTgkKoXXymXqymiIdA==",
      "dependencies": {
        "inherits": "^2.0.3",
        "string_decoder": "^1.1.1",
        "util-deprecate": "^1.0.1"
      },
      "engines": {
        "node": ">= 6"
      }
    },
    "node_modules/util-deprecate": {
      "version": "1.0.2",
      "resolved": "https://registry.npmjs.org/util-deprecate/-/util-deprecate-1.0.2.tgz",
      "integrity": "sha1-RQ1Nyfpw3nMnYvvS1KKJgUGaDM8="
    },
    "node_modules/uuid": {
      "version": "8.3.2",
      "resolved": "https://registry.npmjs.org/uuid/-/uuid-8.3.2.tgz",
      "integrity": "sha512-+NYs2QeMWy+GWFOEm9xnn6HCDp0l7QBD7ml8zLUmJ+93Q5NF0NocErnwkTkXVFNiX3/fpC6afS8Dhb/gz7R7eg==",
      "bin": {
        "uuid": "dist/bin/uuid"
      }
    },
    "node_modules/wrappy": {
      "version": "1.0.2",
      "resolved": "https://registry.npmjs.org/wrappy/-/wrappy-1.0.2.tgz",
      "integrity": "sha1-tSQ9jz7BqjXxNkYFvA0QNuMKtp8="
    },
    "node_modules/xtend": {
      "version": "4.0.2",
      "resolved": "https://registry.npmjs.org/xtend/-/xtend-4.0.2.tgz",
      "integrity": "sha512-LKYU1iAXJXUgAXn9URjiu+MWhyUXHsvfp7mcuYm9dSUKK0/CjtrUwFAxD82/mCWbtLsGjFIad0wIsod4zrTAEQ==",
      "engines": {
        "node": ">=0.4"
      }
    },
    "node_modules/yallist": {
      "version": "4.0.0",
      "resolved": "https://registry.npmjs.org/yallist/-/yallist-4.0.0.tgz",
      "integrity": "sha512-3wdGidZyq5PB084XLES5TpOSRA3wjXAlIWMhum2kRcv/41Sn2emQ0dycQW4uZXLejwKvg6EsvbdlVL+FYEct7A=="
    },
    "node_modules/yaml": {
      "version": "1.10.2",
      "resolved": "https://registry.npmjs.org/yaml/-/yaml-1.10.2.tgz",
      "integrity": "sha512-r3vXyErRCYJ7wg28yvBY5VSoAF8ZvlcW9/BwUzEtUsjvX/DKs24dIkuwjtuprwJJHsbyUbLApepYTR1BN4uHrg==",
      "engines": {
        "node": ">= 6"
      }
    }
  },
  "dependencies": {
    "@types/glob": {
      "version": "7.2.0",
      "resolved": "https://registry.npmjs.org/@types/glob/-/glob-7.2.0.tgz",
      "integrity": "sha512-ZUxbzKl0IfJILTS6t7ip5fQQM/J3TJYubDm3nMbgubNNYS62eXeUpoLUC8/7fJNiFYHTrGPQn7hspDUzIHX3UA==",
      "requires": {
        "@types/minimatch": "*",
        "@types/node": "*"
      }
    },
    "@types/minimatch": {
      "version": "3.0.5",
      "resolved": "https://registry.npmjs.org/@types/minimatch/-/minimatch-3.0.5.tgz",
      "integrity": "sha512-Klz949h02Gz2uZCMGwDUSDS1YBlTdDDgbWHi+81l29tQALUtvz4rAYi5uoVhE5Lagoq6DeqAUlbrHvW/mXDgdQ=="
    },
    "@types/node": {
      "version": "17.0.18",
      "resolved": "https://registry.npmjs.org/@types/node/-/node-17.0.18.tgz",
      "integrity": "sha512-eKj4f/BsN/qcculZiRSujogjvp5O/k4lOW5m35NopjZM/QwLOR075a8pJW5hD+Rtdm2DaCVPENS6KtSQnUD6BA=="
    },
    "array-differ": {
      "version": "1.0.0",
      "resolved": "https://registry.npmjs.org/array-differ/-/array-differ-1.0.0.tgz",
      "integrity": "sha1-7/UuN1gknTO+QCuLuOVkuytdQDE="
    },
    "array-union": {
      "version": "1.0.2",
      "resolved": "https://registry.npmjs.org/array-union/-/array-union-1.0.2.tgz",
      "integrity": "sha1-mjRBDk9OPaI96jdb5b5w8kd47Dk=",
      "requires": {
        "array-uniq": "^1.0.1"
      }
    },
    "array-uniq": {
      "version": "1.0.3",
      "resolved": "https://registry.npmjs.org/array-uniq/-/array-uniq-1.0.3.tgz",
      "integrity": "sha1-r2rId6Jcx/dOBYiUdThY39sk/bY="
    },
    "arrify": {
      "version": "1.0.1",
      "resolved": "https://registry.npmjs.org/arrify/-/arrify-1.0.1.tgz",
      "integrity": "sha1-iYUI2iIm84DfkEcoRWhJwVAaSw0="
    },
    "asap": {
      "version": "2.0.6",
      "resolved": "https://registry.npmjs.org/asap/-/asap-2.0.6.tgz",
      "integrity": "sha1-5QNHYR1+aQlDIIu9r+vLwvuGbUY="
    },
    "asynckit": {
      "version": "0.4.0",
      "resolved": "https://registry.npmjs.org/asynckit/-/asynckit-0.4.0.tgz",
      "integrity": "sha1-x57Zf380y48robyXkLzDZkdLS3k="
    },
    "balanced-match": {
      "version": "1.0.2",
      "resolved": "https://registry.npmjs.org/balanced-match/-/balanced-match-1.0.2.tgz",
      "integrity": "sha512-3oSeUO0TMV67hN1AmbXsK4yaqU7tjiHlbxRDZOpH0KW9+CeX4bRAaX0Anxt0tx2MrpRpWwQaPwIlISEJhYU5Pw=="
    },
    "bent": {
      "version": "7.3.12",
      "resolved": "https://registry.npmjs.org/bent/-/bent-7.3.12.tgz",
      "integrity": "sha512-T3yrKnVGB63zRuoco/7Ybl7BwwGZR0lceoVG5XmQyMIH9s19SV5m+a8qam4if0zQuAmOQTyPTPmsQBdAorGK3w==",
      "requires": {
        "bytesish": "^0.4.1",
        "caseless": "~0.12.0",
        "is-stream": "^2.0.0"
      }
    },
    "brace-expansion": {
      "version": "1.1.11",
      "resolved": "https://registry.npmjs.org/brace-expansion/-/brace-expansion-1.1.11.tgz",
      "integrity": "sha512-iCuPHDFgrHX7H2vEI/5xpz07zSHB00TpugqhmYtVmMO6518mCuRMoOYFldEBl0g187ufozdaHgWKcYFb61qGiA==",
      "requires": {
        "balanced-match": "^1.0.0",
        "concat-map": "0.0.1"
      }
    },
    "buffer-from": {
      "version": "1.1.2",
      "resolved": "https://registry.npmjs.org/buffer-from/-/buffer-from-1.1.2.tgz",
      "integrity": "sha512-E+XQCRwSbaaiChtv6k6Dwgc+bx+Bs6vuKJHHl5kox/BaKbhiXzqQOwK4cO22yElGp2OCmjwVhT3HmxgyPGnJfQ=="
    },
    "bytesish": {
      "version": "0.4.4",
      "resolved": "https://registry.npmjs.org/bytesish/-/bytesish-0.4.4.tgz",
      "integrity": "sha512-i4uu6M4zuMUiyfZN4RU2+i9+peJh//pXhd9x1oSe1LBkZ3LEbCoygu8W0bXTukU1Jme2txKuotpCZRaC3FLxcQ=="
    },
    "caseless": {
      "version": "0.12.0",
      "resolved": "https://registry.npmjs.org/caseless/-/caseless-0.12.0.tgz",
      "integrity": "sha1-G2gcIf+EAzyCZUMJBolCDRhxUdw="
    },
    "chownr": {
      "version": "2.0.0",
      "resolved": "https://registry.npmjs.org/chownr/-/chownr-2.0.0.tgz",
      "integrity": "sha512-bIomtDF5KGpdogkLd9VspvFzk9KfpyyGlS8YFVZl7TGPBHL5snIOnxeshwVgPteQ9b4Eydl+pVbIyE1DcvCWgQ=="
    },
    "codio-api-js": {
      "version": "0.5.1",
      "resolved": "https://registry.npmjs.org/codio-api-js/-/codio-api-js-0.5.1.tgz",
      "integrity": "sha512-zN5uQdQv5/OSzvC9Hgw7deepEeaTWXOzU14tIKWfTFJi+FfNp22PDgmAGz9bz8KXZhmUNBK2vpEo/q+gF/P2ig==",
      "requires": {
        "bent": "^7.3.12",
        "form-data": "^4.0.0",
        "glob-promise": "^4.1.0",
        "https": "^1.0.0",
        "lodash": "^4.17.21",
        "object-hash": "^2.2.0",
        "querystring": "^0.2.1",
        "recursive-copy": "^2.0.11",
        "simple-zstd": "^1.3.1",
        "tar": "^6.1.0",
        "uuid": "^8.3.2",
        "yaml": "^1.10.2"
      }
    },
    "combined-stream": {
      "version": "1.0.8",
      "resolved": "https://registry.npmjs.org/combined-stream/-/combined-stream-1.0.8.tgz",
      "integrity": "sha512-FQN4MRfuJeHf7cBbBMJFXhKSDq+2kAArBlmRBvcvFE5BB1HZKXtSFASDhdlz9zOYwxh8lDdnvmMOe/+5cdoEdg==",
      "requires": {
        "delayed-stream": "~1.0.0"
      }
    },
    "concat-map": {
      "version": "0.0.1",
      "resolved": "https://registry.npmjs.org/concat-map/-/concat-map-0.0.1.tgz",
      "integrity": "sha1-2Klr13/Wjfd5OnMDajug1UBdR3s="
    },
    "core-util-is": {
      "version": "1.0.3",
      "resolved": "https://registry.npmjs.org/core-util-is/-/core-util-is-1.0.3.tgz",
      "integrity": "sha512-ZQBvi1DcpJ4GDqanjucZ2Hj3wEO5pZDS89BWbkcrvdxksJorwUDDZamX9ldFkp9aw2lmBDLgkObEA4DWNJ9FYQ=="
    },
    "delayed-stream": {
      "version": "1.0.0",
      "resolved": "https://registry.npmjs.org/delayed-stream/-/delayed-stream-1.0.0.tgz",
      "integrity": "sha1-3zrhmayt+31ECqrgsp4icrJOxhk="
    },
    "dotenv": {
      "version": "16.0.0",
      "resolved": "https://registry.npmjs.org/dotenv/-/dotenv-16.0.0.tgz",
      "integrity": "sha512-qD9WU0MPM4SWLPJy/r2Be+2WgQj8plChsyrCNQzW/0WjvcJQiKQJ9mH3ZgB3fxbUUxgc/11ZJ0Fi5KiimWGz2Q=="
    },
    "duplex-maker": {
      "version": "1.0.0",
      "resolved": "https://registry.npmjs.org/duplex-maker/-/duplex-maker-1.0.0.tgz",
      "integrity": "sha1-FgT4uUPLAGOm0+H+QqplETp52ko="
    },
    "duplexify": {
      "version": "3.7.1",
      "resolved": "https://registry.npmjs.org/duplexify/-/duplexify-3.7.1.tgz",
      "integrity": "sha512-07z8uv2wMyS51kKhD1KsdXJg5WQ6t93RneqRxUHnskXVtlYYkLqM0gqStQZ3pj073g687jPCHrqNfCzawLYh5g==",
      "requires": {
        "end-of-stream": "^1.0.0",
        "inherits": "^2.0.1",
        "readable-stream": "^2.0.0",
        "stream-shift": "^1.0.0"
      }
    },
    "end-of-stream": {
      "version": "1.4.4",
      "resolved": "https://registry.npmjs.org/end-of-stream/-/end-of-stream-1.4.4.tgz",
      "integrity": "sha512-+uw1inIHVPQoaVuHzRyXd21icM+cnt4CzD5rW+NC1wjOUSTOs+Te7FOv7AhN7vS9x/oIyhLP5PR1H+phQAHu5Q==",
      "requires": {
        "once": "^1.4.0"
      }
    },
    "errno": {
      "version": "0.1.8",
      "resolved": "https://registry.npmjs.org/errno/-/errno-0.1.8.tgz",
      "integrity": "sha512-dJ6oBr5SQ1VSd9qkk7ByRgb/1SH4JZjCHSW/mr63/QcXO9zLVxvJ6Oy13nio03rxpSnVDDjFor75SjVeZWPW/A==",
      "requires": {
        "prr": "~1.0.1"
      }
    },
    "form-data": {
      "version": "4.0.0",
      "resolved": "https://registry.npmjs.org/form-data/-/form-data-4.0.0.tgz",
      "integrity": "sha512-ETEklSGi5t0QMZuiXoA/Q6vcnxcLQP5vdugSpuAyi6SVGi2clPPp+xgEhuMaHC+zGgn31Kd235W35f7Hykkaww==",
      "requires": {
        "asynckit": "^0.4.0",
        "combined-stream": "^1.0.8",
        "mime-types": "^2.1.12"
      }
    },
    "fs-minipass": {
      "version": "2.1.0",
      "resolved": "https://registry.npmjs.org/fs-minipass/-/fs-minipass-2.1.0.tgz",
      "integrity": "sha512-V/JgOLFCS+R6Vcq0slCuaeWEdNC3ouDlJMNIsacH2VtALiu9mV4LPrHc5cDl8k5aw6J8jwgWWpiTo5RYhmIzvg==",
      "requires": {
        "minipass": "^3.0.0"
      }
    },
    "fs.realpath": {
      "version": "1.0.0",
      "resolved": "https://registry.npmjs.org/fs.realpath/-/fs.realpath-1.0.0.tgz",
      "integrity": "sha1-FQStJSMVjKpA20onh8sBQRmU6k8="
    },
    "glob": {
      "version": "7.2.0",
      "resolved": "https://registry.npmjs.org/glob/-/glob-7.2.0.tgz",
      "integrity": "sha512-lmLf6gtyrPq8tTjSmrO94wBeQbFR3HbLHbuyD69wuyQkImp2hWqMGB47OX65FBkPffO641IP9jWa1z4ivqG26Q==",
      "requires": {
        "fs.realpath": "^1.0.0",
        "inflight": "^1.0.4",
        "inherits": "2",
        "minimatch": "^3.0.4",
        "once": "^1.3.0",
        "path-is-absolute": "^1.0.0"
      }
    },
    "glob-promise": {
      "version": "4.2.2",
      "resolved": "https://registry.npmjs.org/glob-promise/-/glob-promise-4.2.2.tgz",
      "integrity": "sha512-xcUzJ8NWN5bktoTIX7eOclO1Npxd/dyVqUJxlLIDasT4C7KZyqlPIwkdJ0Ypiy3p2ZKahTjK4M9uC3sNSfNMzw==",
      "requires": {
        "@types/glob": "^7.1.3"
      }
    },
    "graceful-fs": {
      "version": "4.2.9",
      "resolved": "https://registry.npmjs.org/graceful-fs/-/graceful-fs-4.2.9.tgz",
      "integrity": "sha512-NtNxqUcXgpW2iMrfqSfR73Glt39K+BLwWsPs94yR63v45T0Wbej7eRmL5cWfwEgqXnmjQp3zaJTshdRW/qC2ZQ=="
    },
    "https": {
      "version": "1.0.0",
      "resolved": "https://registry.npmjs.org/https/-/https-1.0.0.tgz",
      "integrity": "sha1-PDfHrhqO65ZpBKKtHpdaGUt+06Q="
    },
    "inflight": {
      "version": "1.0.6",
      "resolved": "https://registry.npmjs.org/inflight/-/inflight-1.0.6.tgz",
      "integrity": "sha1-Sb1jMdfQLQwJvJEKEHW6gWW1bfk=",
      "requires": {
        "once": "^1.3.0",
        "wrappy": "1"
      }
    },
    "inherits": {
      "version": "2.0.4",
      "resolved": "https://registry.npmjs.org/inherits/-/inherits-2.0.4.tgz",
      "integrity": "sha512-k/vGaX4/Yla3WzyMCvTQOXYeIHvqOKtnqBduzTHpzpQZzAskKMhZ2K+EnBiSM9zGSoIFeMpXKxa4dYeZIQqewQ=="
    },
    "is-stream": {
      "version": "2.0.1",
      "resolved": "https://registry.npmjs.org/is-stream/-/is-stream-2.0.1.tgz",
      "integrity": "sha512-hFoiJiTl63nn+kstHGBtewWSKnQLpyb155KHheA1l39uvtO9nWIop1p3udqPcUd/xbF1VLMO4n7OI6p7RbngDg=="
    },
    "is-zst": {
      "version": "1.0.0",
      "resolved": "https://registry.npmjs.org/is-zst/-/is-zst-1.0.0.tgz",
      "integrity": "sha512-ZA5lvshKAl8z30dX7saXLpVhpsq3d2EHK9uf7qtUjnOtdw4XBpAoWb2RvZ5kyoaebdoidnGI0g2hn9Z7ObPbww=="
    },
    "isarray": {
      "version": "1.0.0",
      "resolved": "https://registry.npmjs.org/isarray/-/isarray-1.0.0.tgz",
      "integrity": "sha1-u5NdSFgsuhaMBoNJV6VKPgcSTxE="
    },
    "junk": {
      "version": "1.0.3",
      "resolved": "https://registry.npmjs.org/junk/-/junk-1.0.3.tgz",
      "integrity": "sha1-h75jSIZJy9ym9Tqzm+yczSNH9ZI="
    },
    "lodash": {
      "version": "4.17.21",
      "resolved": "https://registry.npmjs.org/lodash/-/lodash-4.17.21.tgz",
      "integrity": "sha512-v2kDEe57lecTulaDIuNTPy3Ry4gLGJ6Z1O3vE1krgXZNrsQ+LFTGHVxVjcXPs17LhbZVGedAJv8XZ1tvj5FvSg=="
    },
    "maximatch": {
      "version": "0.1.0",
      "resolved": "https://registry.npmjs.org/maximatch/-/maximatch-0.1.0.tgz",
      "integrity": "sha1-hs2NawTJ8wfAWmuUGZBtA2D7E6I=",
      "requires": {
        "array-differ": "^1.0.0",
        "array-union": "^1.0.1",
        "arrify": "^1.0.0",
        "minimatch": "^3.0.0"
      }
    },
    "mime-db": {
      "version": "1.51.0",
      "resolved": "https://registry.npmjs.org/mime-db/-/mime-db-1.51.0.tgz",
      "integrity": "sha512-5y8A56jg7XVQx2mbv1lu49NR4dokRnhZYTtL+KGfaa27uq4pSTXkwQkFJl4pkRMyNFz/EtYDSkiiEHx3F7UN6g=="
    },
    "mime-types": {
      "version": "2.1.34",
      "resolved": "https://registry.npmjs.org/mime-types/-/mime-types-2.1.34.tgz",
      "integrity": "sha512-6cP692WwGIs9XXdOO4++N+7qjqv0rqxxVvJ3VHPh/Sc9mVZcQP+ZGhkKiTvWMQRr2tbHkJP/Yn7Y0npb3ZBs4A==",
      "requires": {
        "mime-db": "1.51.0"
      }
    },
    "minimatch": {
      "version": "3.1.2",
      "resolved": "https://registry.npmjs.org/minimatch/-/minimatch-3.1.2.tgz",
      "integrity": "sha512-J7p63hRiAjw1NDEww1W7i37+ByIrOWO5XQQAzZ3VOcL0PNybwpfmV/N05zFAzwQ9USyEcX6t3UO+K5aqBQOIHw==",
      "requires": {
        "brace-expansion": "^1.1.7"
      }
    },
    "minimist": {
      "version": "1.2.5",
      "resolved": "https://registry.npmjs.org/minimist/-/minimist-1.2.5.tgz",
      "integrity": "sha512-FM9nNUYrRBAELZQT3xeZQ7fmMOBg6nWNmJKTcgsJeaLstP/UODVpGsr5OhXhhXg6f+qtJ8uiZ+PUxkDWcgIXLw=="
    },
    "minipass": {
      "version": "3.1.6",
      "resolved": "https://registry.npmjs.org/minipass/-/minipass-3.1.6.tgz",
      "integrity": "sha512-rty5kpw9/z8SX9dmxblFA6edItUmwJgMeYDZRrwlIVN27i8gysGbznJwUggw2V/FVqFSDdWy040ZPS811DYAqQ==",
      "requires": {
        "yallist": "^4.0.0"
      }
    },
    "minizlib": {
      "version": "2.1.2",
      "resolved": "https://registry.npmjs.org/minizlib/-/minizlib-2.1.2.tgz",
      "integrity": "sha512-bAxsR8BVfj60DWXHE3u30oHzfl4G7khkSuPW+qvpd7jFRHm7dLxOjUk1EHACJ/hxLY8phGJ0YhYHZo7jil7Qdg==",
      "requires": {
        "minipass": "^3.0.0",
        "yallist": "^4.0.0"
      }
    },
    "mkdirp": {
      "version": "0.5.5",
      "resolved": "https://registry.npmjs.org/mkdirp/-/mkdirp-0.5.5.tgz",
      "integrity": "sha512-NKmAlESf6jMGym1++R0Ra7wvhV+wFW63FaSOFPwRahvea0gMUcGUhVeAg/0BC0wiv9ih5NYPB1Wn1UEI1/L+xQ==",
      "requires": {
        "minimist": "^1.2.5"
      }
    },
    "object-hash": {
      "version": "2.2.0",
      "resolved": "https://registry.npmjs.org/object-hash/-/object-hash-2.2.0.tgz",
      "integrity": "sha512-gScRMn0bS5fH+IuwyIFgnh9zBdo4DV+6GhygmWM9HyNJSgS0hScp1f5vjtm7oIIOiT9trXrShAkLFSc2IqKNgw=="
    },
    "once": {
      "version": "1.4.0",
      "resolved": "https://registry.npmjs.org/once/-/once-1.4.0.tgz",
      "integrity": "sha1-WDsap3WWHUsROsF9nFC6753Xa9E=",
      "requires": {
        "wrappy": "1"
      }
    },
    "os-tmpdir": {
      "version": "1.0.2",
      "resolved": "https://registry.npmjs.org/os-tmpdir/-/os-tmpdir-1.0.2.tgz",
      "integrity": "sha1-u+Z0BseaqFxc/sdm/lc0VV36EnQ="
    },
    "path-is-absolute": {
      "version": "1.0.1",
      "resolved": "https://registry.npmjs.org/path-is-absolute/-/path-is-absolute-1.0.1.tgz",
      "integrity": "sha1-F0uSaHNVNP+8es5r9TpanhtcX18="
    },
    "peek-stream": {
      "version": "1.1.3",
      "resolved": "https://registry.npmjs.org/peek-stream/-/peek-stream-1.1.3.tgz",
      "integrity": "sha512-FhJ+YbOSBb9/rIl2ZeE/QHEsWn7PqNYt8ARAY3kIgNGOk13g9FGyIY6JIl/xB/3TFRVoTv5as0l11weORrTekA==",
      "requires": {
        "buffer-from": "^1.0.0",
        "duplexify": "^3.5.0",
        "through2": "^2.0.3"
      },
      "dependencies": {
        "through2": {
          "version": "2.0.5",
          "resolved": "https://registry.npmjs.org/through2/-/through2-2.0.5.tgz",
          "integrity": "sha512-/mrRod8xqpA+IHSLyGCQ2s8SPHiCDEeQJSep1jqLYeEUClOFG2Qsh+4FU6G9VeqpZnGW/Su8LQGc4YKni5rYSQ==",
          "requires": {
            "readable-stream": "~2.3.6",
            "xtend": "~4.0.1"
          }
        }
      }
    },
    "pify": {
      "version": "2.3.0",
      "resolved": "https://registry.npmjs.org/pify/-/pify-2.3.0.tgz",
      "integrity": "sha1-7RQaasBDqEnqWISY59yosVMw6Qw="
    },
    "process-nextick-args": {
      "version": "2.0.1",
      "resolved": "https://registry.npmjs.org/process-nextick-args/-/process-nextick-args-2.0.1.tgz",
      "integrity": "sha512-3ouUOpQhtgrbOa17J7+uxOTpITYWaGP7/AhoR3+A+/1e9skrzelGi/dXzEYyvbxubEF6Wn2ypscTKiKJFFn1ag=="
    },
    "process-streams": {
      "version": "1.0.1",
      "resolved": "https://registry.npmjs.org/process-streams/-/process-streams-1.0.1.tgz",
      "integrity": "sha1-4iwqrb94jvDFdU6l4Ffphch91pE=",
      "requires": {
        "duplex-maker": "^1.0.0",
        "quotemeta": "0.0.0",
        "tempfile": "^1.1.0"
      }
    },
    "promise": {
      "version": "7.3.1",
      "resolved": "https://registry.npmjs.org/promise/-/promise-7.3.1.tgz",
      "integrity": "sha512-nolQXZ/4L+bP/UGlkfaIujX9BKxGwmQ9OT4mOt5yvy8iK1h3wqTEJCijzGANTCCl9nWjY41juyAn2K3Q1hLLTg==",
      "requires": {
        "asap": "~2.0.3"
      }
    },
    "prr": {
      "version": "1.0.1",
      "resolved": "https://registry.npmjs.org/prr/-/prr-1.0.1.tgz",
      "integrity": "sha1-0/wRS6BplaRexok/SEzrHXj19HY="
    },
    "querystring": {
      "version": "0.2.1",
      "resolved": "https://registry.npmjs.org/querystring/-/querystring-0.2.1.tgz",
      "integrity": "sha512-wkvS7mL/JMugcup3/rMitHmd9ecIGd2lhFhK9N3UUQ450h66d1r3Y9nvXzQAW1Lq+wyx61k/1pfKS5KuKiyEbg=="
    },
    "quotemeta": {
      "version": "0.0.0",
      "resolved": "https://registry.npmjs.org/quotemeta/-/quotemeta-0.0.0.tgz",
      "integrity": "sha1-UdOgbuD81uO1AdvSiQQ1Gtelo4w="
    },
    "readable-stream": {
      "version": "2.3.7",
      "resolved": "https://registry.npmjs.org/readable-stream/-/readable-stream-2.3.7.tgz",
      "integrity": "sha512-Ebho8K4jIbHAxnuxi7o42OrZgF/ZTNcsZj6nRKyUmkhLFq8CHItp/fy6hQZuZmP/n3yZ9VBUbp4zz/mX8hmYPw==",
      "requires": {
        "core-util-is": "~1.0.0",
        "inherits": "~2.0.3",
        "isarray": "~1.0.0",
        "process-nextick-args": "~2.0.0",
        "safe-buffer": "~5.1.1",
        "string_decoder": "~1.1.1",
        "util-deprecate": "~1.0.1"
      }
    },
    "recursive-copy": {
      "version": "2.0.14",
      "resolved": "https://registry.npmjs.org/recursive-copy/-/recursive-copy-2.0.14.tgz",
      "integrity": "sha512-K8WNY8f8naTpfbA+RaXmkaQuD1IeW9EgNEfyGxSqqTQukpVtoOKros9jUqbpEsSw59YOmpd8nCBgtqJZy5nvog==",
      "requires": {
        "errno": "^0.1.2",
        "graceful-fs": "^4.1.4",
        "junk": "^1.0.1",
        "maximatch": "^0.1.0",
        "mkdirp": "^0.5.1",
        "pify": "^2.3.0",
        "promise": "^7.0.1",
        "rimraf": "^2.7.1",
        "slash": "^1.0.0"
      }
    },
    "rimraf": {
      "version": "2.7.1",
      "resolved": "https://registry.npmjs.org/rimraf/-/rimraf-2.7.1.tgz",
      "integrity": "sha512-uWjbaKIK3T1OSVptzX7Nl6PvQ3qAGtKEtVRjRuazjfL3Bx5eI409VZSqgND+4UNnmzLVdPj9FqFJNPqBZFve4w==",
      "requires": {
        "glob": "^7.1.3"
      }
    },
    "safe-buffer": {
      "version": "5.1.2",
      "resolved": "https://registry.npmjs.org/safe-buffer/-/safe-buffer-5.1.2.tgz",
      "integrity": "sha512-Gd2UZBJDkXlY7GbJxfsE8/nvKkUEU1G38c1siN6QP6a9PT9MmHB8GnpscSmMJSoF8LOIrt8ud/wPtojys4G6+g=="
    },
    "simple-zstd": {
      "version": "1.4.0",
      "resolved": "https://registry.npmjs.org/simple-zstd/-/simple-zstd-1.4.0.tgz",
      "integrity": "sha512-9zBNnu7MkwRiZm7voFUX7ehCcLO2d1FmJ2RWEVsN8Exw2tVYK9k/0/8WjPUmSmtoHOyoFTkHHaOLuPSwkgFmrA==",
      "requires": {
        "is-zst": "^1.0.0",
        "peek-stream": "^1.1.3",
        "process-streams": "^1.0.1",
        "through2": "^4.0.2"
      }
    },
    "slash": {
      "version": "1.0.0",
      "resolved": "https://registry.npmjs.org/slash/-/slash-1.0.0.tgz",
      "integrity": "sha1-xB8vbDn8FtHNF61LXYlhFK5HDVU="
    },
    "stream-shift": {
      "version": "1.0.1",
      "resolved": "https://registry.npmjs.org/stream-shift/-/stream-shift-1.0.1.tgz",
      "integrity": "sha512-AiisoFqQ0vbGcZgQPY1cdP2I76glaVA/RauYR4G4thNFgkTqr90yXTo4LYX60Jl+sIlPNHHdGSwo01AvbKUSVQ=="
    },
    "string_decoder": {
      "version": "1.1.1",
      "resolved": "https://registry.npmjs.org/string_decoder/-/string_decoder-1.1.1.tgz",
      "integrity": "sha512-n/ShnvDi6FHbbVfviro+WojiFzv+s8MPMHBczVePfUpDJLwoLT0ht1l4YwBCbi8pJAveEEdnkHyPyTP/mzRfwg==",
      "requires": {
        "safe-buffer": "~5.1.0"
      }
    },
    "tar": {
      "version": "6.1.11",
      "resolved": "https://registry.npmjs.org/tar/-/tar-6.1.11.tgz",
      "integrity": "sha512-an/KZQzQUkZCkuoAA64hM92X0Urb6VpRhAFllDzz44U2mcD5scmT3zBc4VgVpkugF580+DQn8eAFSyoQt0tznA==",
      "requires": {
        "chownr": "^2.0.0",
        "fs-minipass": "^2.0.0",
        "minipass": "^3.0.0",
        "minizlib": "^2.1.1",
        "mkdirp": "^1.0.3",
        "yallist": "^4.0.0"
      },
      "dependencies": {
        "mkdirp": {
          "version": "1.0.4",
          "resolved": "https://registry.npmjs.org/mkdirp/-/mkdirp-1.0.4.tgz",
          "integrity": "sha512-vVqVZQyf3WLx2Shd0qJ9xuvqgAyKPLAiqITEtqW0oIUjzo3PePDd6fW9iFz30ef7Ysp/oiWqbhszeGWW2T6Gzw=="
        }
      }
    },
    "tempfile": {
      "version": "1.1.1",
      "resolved": "https://registry.npmjs.org/tempfile/-/tempfile-1.1.1.tgz",
      "integrity": "sha1-W8xOrsxKsscH2LwR2ZzMmiyyh/I=",
      "requires": {
        "os-tmpdir": "^1.0.0",
        "uuid": "^2.0.1"
      },
      "dependencies": {
        "uuid": {
          "version": "2.0.3",
          "resolved": "https://registry.npmjs.org/uuid/-/uuid-2.0.3.tgz",
          "integrity": "sha1-Z+LoY3lyFVMN/zGOW/nc6/1Hsho="
        }
      }
    },
    "through2": {
      "version": "4.0.2",
      "resolved": "https://registry.npmjs.org/through2/-/through2-4.0.2.tgz",
      "integrity": "sha512-iOqSav00cVxEEICeD7TjLB1sueEL+81Wpzp2bY17uZjZN0pWZPuo4suZ/61VujxmqSGFfgOcNuTZ85QJwNZQpw==",
      "requires": {
        "readable-stream": "3"
      },
      "dependencies": {
        "readable-stream": {
          "version": "3.6.0",
          "resolved": "https://registry.npmjs.org/readable-stream/-/readable-stream-3.6.0.tgz",
          "integrity": "sha512-BViHy7LKeTz4oNnkcLJ+lVSL6vpiFeX6/d3oSH8zCW7UxP2onchk+vTGB143xuFjHS3deTgkKoXXymXqymiIdA==",
          "requires": {
            "inherits": "^2.0.3",
            "string_decoder": "^1.1.1",
            "util-deprecate": "^1.0.1"
          }
        }
      }
    },
    "util-deprecate": {
      "version": "1.0.2",
      "resolved": "https://registry.npmjs.org/util-deprecate/-/util-deprecate-1.0.2.tgz",
      "integrity": "sha1-RQ1Nyfpw3nMnYvvS1KKJgUGaDM8="
    },
    "uuid": {
      "version": "8.3.2",
      "resolved": "https://registry.npmjs.org/uuid/-/uuid-8.3.2.tgz",
      "integrity": "sha512-+NYs2QeMWy+GWFOEm9xnn6HCDp0l7QBD7ml8zLUmJ+93Q5NF0NocErnwkTkXVFNiX3/fpC6afS8Dhb/gz7R7eg=="
    },
    "wrappy": {
      "version": "1.0.2",
      "resolved": "https://registry.npmjs.org/wrappy/-/wrappy-1.0.2.tgz",
      "integrity": "sha1-tSQ9jz7BqjXxNkYFvA0QNuMKtp8="
    },
    "xtend": {
      "version": "4.0.2",
      "resolved": "https://registry.npmjs.org/xtend/-/xtend-4.0.2.tgz",
      "integrity": "sha512-LKYU1iAXJXUgAXn9URjiu+MWhyUXHsvfp7mcuYm9dSUKK0/CjtrUwFAxD82/mCWbtLsGjFIad0wIsod4zrTAEQ=="
    },
    "yallist": {
      "version": "4.0.0",
      "resolved": "https://registry.npmjs.org/yallist/-/yallist-4.0.0.tgz",
      "integrity": "sha512-3wdGidZyq5PB084XLES5TpOSRA3wjXAlIWMhum2kRcv/41Sn2emQ0dycQW4uZXLejwKvg6EsvbdlVL+FYEct7A=="
    },
    "yaml": {
      "version": "1.10.2",
      "resolved": "https://registry.npmjs.org/yaml/-/yaml-1.10.2.tgz",
      "integrity": "sha512-r3vXyErRCYJ7wg28yvBY5VSoAF8ZvlcW9/BwUzEtUsjvX/DKs24dIkuwjtuprwJJHsbyUbLApepYTR1BN4uHrg=="
    }
  }
}
